
Microsoft Visual Studio Solution File, Format Version 12.00
# Visual Studio Version 16
VisualStudioVersion = 16.0.29911.84
MinimumVisualStudioVersion = 10.0.40219.1
Project("{FAE04EC0-301F-11D3-BF4B-00C04F79EFBC}") = "TRIANGLE", "TRIANGLE.csproj", "{EE4ACA4F-3D7D-433F-BD71-4828A13C2C3F}"
EndProject
Global
	GlobalSection(SolutionConfigurationPlatforms) = preSolution
		Debug|Any CPU = Debug|Any CPU
		Release|Any CPU = Release|Any CPU
	EndGlobalSection
	GlobalSection(ProjectConfigurationPlatforms) = postSolution
		{EE4ACA4F-3D7D-433F-BD71-4828A13C2C3F}.Debug|Any CPU.ActiveCfg = Debug|Any CPU
		{EE4ACA4F-3D7D-433F-BD71-4828A13C2C3F}.Debug|Any CPU.Build.0 = Debug|Any CPU
		{EE4ACA4F-3D7D-433F-BD71-4828A13C2C3F}.Release|Any CPU.ActiveCfg = Release|Any CPU
		{EE4ACA4F-3D7D-433F-BD71-4828A13C2C3F}.Release|Any CPU.Build.0 = Release|Any CPU
	EndGlobalSection
	GlobalSection(SolutionProperties) = preSolution
		HideSolutionNode = FALSE
	EndGlobalSection
	GlobalSection(ExtensibilityGlobals) = postSolution
		SolutionGuid = {213B82D4-D384-4A85-BADE-8EBD1DBD5E9F}
	EndGlobalSection
EndGlobal
