
Microsoft Visual Studio Solution File, Format Version 12.00
# Visual Studio Version 16
VisualStudioVersion = 16.0.30128.74
MinimumVisualStudioVersion = 10.0.40219.1
Project("{FAE04EC0-301F-11D3-BF4B-00C04F79EFBC}") = "Notes.PL", "Notes.PL.csproj", "{79E83A97-E67B-43A9-BC51-809E3F3CBDA3}"
EndProject
Project("{FAE04EC0-301F-11D3-BF4B-00C04F79EFBC}") = "Notes.BLL", "..\Notes.BLL\Notes.BLL.csproj", "{A600FBF2-395F-42A2-B515-B8F1B6E7E7CF}"
EndProject
Project("{FAE04EC0-301F-11D3-BF4B-00C04F79EFBC}") = "Notes.DAL", "..\Notes.DAL\Notes.DAL.csproj", "{65EBA8EA-C555-4DE7-A52E-458CC585E985}"
EndProject
Project("{FAE04EC0-301F-11D3-BF4B-00C04F79EFBC}") = "Notes.Entites", "..\Notes.Entites\Notes.Entites.csproj", "{60A417BC-4F08-49CB-99D6-4E4B368FAD7B}"
EndProject
Project("{FAE04EC0-301F-11D3-BF4B-00C04F79EFBC}") = "Notes.Common", "..\Notes.Common\Notes.Common.csproj", "{4DE5AF59-B7FC-47F3-A576-07D0D7F70D36}"
EndProject
Project("{2150E333-8FDC-42A3-9474-1A3956D46DE8}") = "BLL", "BLL", "{F6C4E7AC-785F-4E8F-8189-1F52813C0FF7}"
EndProject
Project("{2150E333-8FDC-42A3-9474-1A3956D46DE8}") = "Common", "Common", "{F5DB4305-C2F6-4B33-8637-37834C171A21}"
EndProject
Project("{2150E333-8FDC-42A3-9474-1A3956D46DE8}") = "DAL", "DAL", "{701DD6DB-EF38-4C38-B1D0-13F533B743A9}"
EndProject
Project("{2150E333-8FDC-42A3-9474-1A3956D46DE8}") = "PL", "PL", "{2D2DE24D-A1DE-494C-AED7-C5BC522B10F7}"
EndProject
Project("{FAE04EC0-301F-11D3-BF4B-00C04F79EFBC}") = "Notes.BLL.Common", "..\Notes.BLL.Common\Notes.BLL.Common.csproj", "{706F262C-2A5A-4335-93E5-AC68046825C5}"
EndProject
Project("{FAE04EC0-301F-11D3-BF4B-00C04F79EFBC}") = "Notes.DAL.Common", "..\Notes.DAL.Common\Notes.DAL.Common.csproj", "{DD9F5E92-27C9-4576-8B73-5099AD7F2080}"
EndProject
Project("{FAE04EC0-301F-11D3-BF4B-00C04F79EFBC}") = "Notes.PL.Common", "..\Notes.PL.Common\Notes.PL.Common.csproj", "{BC8C0323-2BB6-43F9-861F-6DCE441EAF75}"
EndProject
Global
	GlobalSection(SolutionConfigurationPlatforms) = preSolution
		Debug|Any CPU = Debug|Any CPU
		Release|Any CPU = Release|Any CPU
	EndGlobalSection
	GlobalSection(ProjectConfigurationPlatforms) = postSolution
		{79E83A97-E67B-43A9-BC51-809E3F3CBDA3}.Debug|Any CPU.ActiveCfg = Debug|Any CPU
		{79E83A97-E67B-43A9-BC51-809E3F3CBDA3}.Debug|Any CPU.Build.0 = Debug|Any CPU
		{79E83A97-E67B-43A9-BC51-809E3F3CBDA3}.Release|Any CPU.ActiveCfg = Release|Any CPU
		{79E83A97-E67B-43A9-BC51-809E3F3CBDA3}.Release|Any CPU.Build.0 = Release|Any CPU
		{A600FBF2-395F-42A2-B515-B8F1B6E7E7CF}.Debug|Any CPU.ActiveCfg = Debug|Any CPU
		{A600FBF2-395F-42A2-B515-B8F1B6E7E7CF}.Debug|Any CPU.Build.0 = Debug|Any CPU
		{A600FBF2-395F-42A2-B515-B8F1B6E7E7CF}.Release|Any CPU.ActiveCfg = Release|Any CPU
		{A600FBF2-395F-42A2-B515-B8F1B6E7E7CF}.Release|Any CPU.Build.0 = Release|Any CPU
		{65EBA8EA-C555-4DE7-A52E-458CC585E985}.Debug|Any CPU.ActiveCfg = Debug|Any CPU
		{65EBA8EA-C555-4DE7-A52E-458CC585E985}.Debug|Any CPU.Build.0 = Debug|Any CPU
		{65EBA8EA-C555-4DE7-A52E-458CC585E985}.Release|Any CPU.ActiveCfg = Release|Any CPU
		{65EBA8EA-C555-4DE7-A52E-458CC585E985}.Release|Any CPU.Build.0 = Release|Any CPU
		{60A417BC-4F08-49CB-99D6-4E4B368FAD7B}.Debug|Any CPU.ActiveCfg = Debug|Any CPU
		{60A417BC-4F08-49CB-99D6-4E4B368FAD7B}.Debug|Any CPU.Build.0 = Debug|Any CPU
		{60A417BC-4F08-49CB-99D6-4E4B368FAD7B}.Release|Any CPU.ActiveCfg = Release|Any CPU
		{60A417BC-4F08-49CB-99D6-4E4B368FAD7B}.Release|Any CPU.Build.0 = Release|Any CPU
		{4DE5AF59-B7FC-47F3-A576-07D0D7F70D36}.Debug|Any CPU.ActiveCfg = Debug|Any CPU
		{4DE5AF59-B7FC-47F3-A576-07D0D7F70D36}.Debug|Any CPU.Build.0 = Debug|Any CPU
		{4DE5AF59-B7FC-47F3-A576-07D0D7F70D36}.Release|Any CPU.ActiveCfg = Release|Any CPU
		{4DE5AF59-B7FC-47F3-A576-07D0D7F70D36}.Release|Any CPU.Build.0 = Release|Any CPU
		{706F262C-2A5A-4335-93E5-AC68046825C5}.Debug|Any CPU.ActiveCfg = Debug|Any CPU
		{706F262C-2A5A-4335-93E5-AC68046825C5}.Debug|Any CPU.Build.0 = Debug|Any CPU
		{706F262C-2A5A-4335-93E5-AC68046825C5}.Release|Any CPU.ActiveCfg = Release|Any CPU
		{706F262C-2A5A-4335-93E5-AC68046825C5}.Release|Any CPU.Build.0 = Release|Any CPU
		{DD9F5E92-27C9-4576-8B73-5099AD7F2080}.Debug|Any CPU.ActiveCfg = Debug|Any CPU
		{DD9F5E92-27C9-4576-8B73-5099AD7F2080}.Debug|Any CPU.Build.0 = Debug|Any CPU
		{DD9F5E92-27C9-4576-8B73-5099AD7F2080}.Release|Any CPU.ActiveCfg = Release|Any CPU
		{DD9F5E92-27C9-4576-8B73-5099AD7F2080}.Release|Any CPU.Build.0 = Release|Any CPU
		{BC8C0323-2BB6-43F9-861F-6DCE441EAF75}.Debug|Any CPU.ActiveCfg = Debug|Any CPU
		{BC8C0323-2BB6-43F9-861F-6DCE441EAF75}.Debug|Any CPU.Build.0 = Debug|Any CPU
		{BC8C0323-2BB6-43F9-861F-6DCE441EAF75}.Release|Any CPU.ActiveCfg = Release|Any CPU
		{BC8C0323-2BB6-43F9-861F-6DCE441EAF75}.Release|Any CPU.Build.0 = Release|Any CPU
	EndGlobalSection
	GlobalSection(SolutionProperties) = preSolution
		HideSolutionNode = FALSE
	EndGlobalSection
	GlobalSection(NestedProjects) = preSolution
		{79E83A97-E67B-43A9-BC51-809E3F3CBDA3} = {2D2DE24D-A1DE-494C-AED7-C5BC522B10F7}
		{A600FBF2-395F-42A2-B515-B8F1B6E7E7CF} = {F6C4E7AC-785F-4E8F-8189-1F52813C0FF7}
		{65EBA8EA-C555-4DE7-A52E-458CC585E985} = {701DD6DB-EF38-4C38-B1D0-13F533B743A9}
		{60A417BC-4F08-49CB-99D6-4E4B368FAD7B} = {F5DB4305-C2F6-4B33-8637-37834C171A21}
		{4DE5AF59-B7FC-47F3-A576-07D0D7F70D36} = {F5DB4305-C2F6-4B33-8637-37834C171A21}
		{706F262C-2A5A-4335-93E5-AC68046825C5} = {F6C4E7AC-785F-4E8F-8189-1F52813C0FF7}
		{DD9F5E92-27C9-4576-8B73-5099AD7F2080} = {701DD6DB-EF38-4C38-B1D0-13F533B743A9}
		{BC8C0323-2BB6-43F9-861F-6DCE441EAF75} = {2D2DE24D-A1DE-494C-AED7-C5BC522B10F7}
	EndGlobalSection
	GlobalSection(ExtensibilityGlobals) = postSolution
		SolutionGuid = {2E8660AE-C2BC-49B3-92D5-E8A2C0041244}
	EndGlobalSection
EndGlobal
