
Microsoft Visual Studio Solution File, Format Version 12.00
# Visual Studio Version 16
VisualStudioVersion = 16.0.30128.74
MinimumVisualStudioVersion = 10.0.40219.1
Project("{FAE04EC0-301F-11D3-BF4B-00C04F79EFBC}") = "Files_and_Streams", "Files_and_Streams.csproj", "{17F8EB3F-0DAB-4A99-A375-C646C6ECE56A}"
EndProject
Global
	GlobalSection(SolutionConfigurationPlatforms) = preSolution
		Debug|Any CPU = Debug|Any CPU
		Release|Any CPU = Release|Any CPU
	EndGlobalSection
	GlobalSection(ProjectConfigurationPlatforms) = postSolution
		{17F8EB3F-0DAB-4A99-A375-C646C6ECE56A}.Debug|Any CPU.ActiveCfg = Debug|Any CPU
		{17F8EB3F-0DAB-4A99-A375-C646C6ECE56A}.Debug|Any CPU.Build.0 = Debug|Any CPU
		{17F8EB3F-0DAB-4A99-A375-C646C6ECE56A}.Release|Any CPU.ActiveCfg = Release|Any CPU
		{17F8EB3F-0DAB-4A99-A375-C646C6ECE56A}.Release|Any CPU.Build.0 = Release|Any CPU
	EndGlobalSection
	GlobalSection(SolutionProperties) = preSolution
		HideSolutionNode = FALSE
	EndGlobalSection
	GlobalSection(ExtensibilityGlobals) = postSolution
		SolutionGuid = {DDBB6EF3-1022-4F22-861F-6A1DC8CE7BDA}
	EndGlobalSection
EndGlobal
