
Microsoft Visual Studio Solution File, Format Version 12.00
# Visual Studio Version 16
VisualStudioVersion = 16.0.29911.84
MinimumVisualStudioVersion = 10.0.40219.1
Project("{FAE04EC0-301F-11D3-BF4B-00C04F79EFBC}") = "NON-NEGATIVE SUM", "NON-NEGATIVE SUM.csproj", "{18E689C9-47D4-4AB4-8732-6B5EA456E941}"
EndProject
Global
	GlobalSection(SolutionConfigurationPlatforms) = preSolution
		Debug|Any CPU = Debug|Any CPU
		Release|Any CPU = Release|Any CPU
	EndGlobalSection
	GlobalSection(ProjectConfigurationPlatforms) = postSolution
		{18E689C9-47D4-4AB4-8732-6B5EA456E941}.Debug|Any CPU.ActiveCfg = Debug|Any CPU
		{18E689C9-47D4-4AB4-8732-6B5EA456E941}.Debug|Any CPU.Build.0 = Debug|Any CPU
		{18E689C9-47D4-4AB4-8732-6B5EA456E941}.Release|Any CPU.ActiveCfg = Release|Any CPU
		{18E689C9-47D4-4AB4-8732-6B5EA456E941}.Release|Any CPU.Build.0 = Release|Any CPU
	EndGlobalSection
	GlobalSection(SolutionProperties) = preSolution
		HideSolutionNode = FALSE
	EndGlobalSection
	GlobalSection(ExtensibilityGlobals) = postSolution
		SolutionGuid = {F8D81917-F1B7-47B6-B0FB-9E95D4659506}
	EndGlobalSection
EndGlobal
