
Microsoft Visual Studio Solution File, Format Version 12.00
# Visual Studio Version 16
VisualStudioVersion = 16.0.29911.84
MinimumVisualStudioVersion = 10.0.40219.1
Project("{FAE04EC0-301F-11D3-BF4B-00C04F79EFBC}") = "2D ARRAY", "2D ARRAY.csproj", "{A1EB6BE9-E03B-41FC-8B34-22C18BD82A38}"
EndProject
Global
	GlobalSection(SolutionConfigurationPlatforms) = preSolution
		Debug|Any CPU = Debug|Any CPU
		Release|Any CPU = Release|Any CPU
	EndGlobalSection
	GlobalSection(ProjectConfigurationPlatforms) = postSolution
		{A1EB6BE9-E03B-41FC-8B34-22C18BD82A38}.Debug|Any CPU.ActiveCfg = Debug|Any CPU
		{A1EB6BE9-E03B-41FC-8B34-22C18BD82A38}.Debug|Any CPU.Build.0 = Debug|Any CPU
		{A1EB6BE9-E03B-41FC-8B34-22C18BD82A38}.Release|Any CPU.ActiveCfg = Release|Any CPU
		{A1EB6BE9-E03B-41FC-8B34-22C18BD82A38}.Release|Any CPU.Build.0 = Release|Any CPU
	EndGlobalSection
	GlobalSection(SolutionProperties) = preSolution
		HideSolutionNode = FALSE
	EndGlobalSection
	GlobalSection(ExtensibilityGlobals) = postSolution
		SolutionGuid = {B849D706-90B5-498E-9A85-86EAD80E5685}
	EndGlobalSection
EndGlobal
