
Microsoft Visual Studio Solution File, Format Version 12.00
# Visual Studio Version 16
VisualStudioVersion = 16.0.30128.74
MinimumVisualStudioVersion = 10.0.40219.1
Project("{FAE04EC0-301F-11D3-BF4B-00C04F79EFBC}") = "3.3.3. PIZZA TIME", "3.3.3. PIZZA TIME.csproj", "{499C23B6-2491-4A6D-862F-B715B6D6F227}"
EndProject
Global
	GlobalSection(SolutionConfigurationPlatforms) = preSolution
		Debug|Any CPU = Debug|Any CPU
		Release|Any CPU = Release|Any CPU
	EndGlobalSection
	GlobalSection(ProjectConfigurationPlatforms) = postSolution
		{499C23B6-2491-4A6D-862F-B715B6D6F227}.Debug|Any CPU.ActiveCfg = Debug|Any CPU
		{499C23B6-2491-4A6D-862F-B715B6D6F227}.Debug|Any CPU.Build.0 = Debug|Any CPU
		{499C23B6-2491-4A6D-862F-B715B6D6F227}.Release|Any CPU.ActiveCfg = Release|Any CPU
		{499C23B6-2491-4A6D-862F-B715B6D6F227}.Release|Any CPU.Build.0 = Release|Any CPU
	EndGlobalSection
	GlobalSection(SolutionProperties) = preSolution
		HideSolutionNode = FALSE
	EndGlobalSection
	GlobalSection(ExtensibilityGlobals) = postSolution
		SolutionGuid = {DADEF44F-8E0D-4FE1-A224-A1FC7B1DC463}
	EndGlobalSection
EndGlobal
