
Microsoft Visual Studio Solution File, Format Version 12.00
# Visual Studio Version 16
VisualStudioVersion = 16.0.30128.74
MinimumVisualStudioVersion = 10.0.40219.1
Project("{FAE04EC0-301F-11D3-BF4B-00C04F79EFBC}") = "GAME", "GAME.csproj", "{BB513A5A-F762-4B1E-A425-4EA4A4A8ECAD}"
EndProject
Global
	GlobalSection(SolutionConfigurationPlatforms) = preSolution
		Debug|Any CPU = Debug|Any CPU
		Release|Any CPU = Release|Any CPU
	EndGlobalSection
	GlobalSection(ProjectConfigurationPlatforms) = postSolution
		{BB513A5A-F762-4B1E-A425-4EA4A4A8ECAD}.Debug|Any CPU.ActiveCfg = Debug|Any CPU
		{BB513A5A-F762-4B1E-A425-4EA4A4A8ECAD}.Debug|Any CPU.Build.0 = Debug|Any CPU
		{BB513A5A-F762-4B1E-A425-4EA4A4A8ECAD}.Release|Any CPU.ActiveCfg = Release|Any CPU
		{BB513A5A-F762-4B1E-A425-4EA4A4A8ECAD}.Release|Any CPU.Build.0 = Release|Any CPU
	EndGlobalSection
	GlobalSection(SolutionProperties) = preSolution
		HideSolutionNode = FALSE
	EndGlobalSection
	GlobalSection(ExtensibilityGlobals) = postSolution
		SolutionGuid = {2A2BD76E-8FBF-4800-9B44-08AAE8293B58}
	EndGlobalSection
EndGlobal
