
Microsoft Visual Studio Solution File, Format Version 12.00
# Visual Studio Version 16
VisualStudioVersion = 16.0.29911.84
MinimumVisualStudioVersion = 10.0.40219.1
Project("{FAE04EC0-301F-11D3-BF4B-00C04F79EFBC}") = "VALIDATOR", "VALIDATOR.csproj", "{5A7DBA1B-C35B-4D47-BA08-070CEDF1D96B}"
EndProject
Global
	GlobalSection(SolutionConfigurationPlatforms) = preSolution
		Debug|Any CPU = Debug|Any CPU
		Release|Any CPU = Release|Any CPU
	EndGlobalSection
	GlobalSection(ProjectConfigurationPlatforms) = postSolution
		{5A7DBA1B-C35B-4D47-BA08-070CEDF1D96B}.Debug|Any CPU.ActiveCfg = Debug|Any CPU
		{5A7DBA1B-C35B-4D47-BA08-070CEDF1D96B}.Debug|Any CPU.Build.0 = Debug|Any CPU
		{5A7DBA1B-C35B-4D47-BA08-070CEDF1D96B}.Release|Any CPU.ActiveCfg = Release|Any CPU
		{5A7DBA1B-C35B-4D47-BA08-070CEDF1D96B}.Release|Any CPU.Build.0 = Release|Any CPU
	EndGlobalSection
	GlobalSection(SolutionProperties) = preSolution
		HideSolutionNode = FALSE
	EndGlobalSection
	GlobalSection(ExtensibilityGlobals) = postSolution
		SolutionGuid = {C703E1C2-C554-4DC2-A4F2-93C4C2A2962C}
	EndGlobalSection
EndGlobal
